// !$*UTF8*$!
{
	archiveVersion = 1;
	classes = {
	};
	objectVersion = 46;
	objects = {

/* Begin PBXBuildFile section */
		430C80CF1D9A767C0014D3DA /* NSDToast.m in Sources */ = {isa = PBXBuildFile; fileRef = 430C80CE1D9A767C0014D3DA /* NSDToast.m */; settings = {ASSET_TAGS = (); }; };
		4381646A1D994733009EAA32 /* main.m in Sources */ = {isa = PBXBuildFile; fileRef = 438164691D994733009EAA32 /* main.m */; };
		4381646D1D994733009EAA32 /* AppDelegate.m in Sources */ = {isa = PBXBuildFile; fileRef = 4381646C1D994733009EAA32 /* AppDelegate.m */; };
		438164731D994733009EAA32 /* Main.storyboard in Resources */ = {isa = PBXBuildFile; fileRef = 438164711D994733009EAA32 /* Main.storyboard */; };
		438164831D994733009EAA32 /* CodeSweetTests.m in Sources */ = {isa = PBXBuildFile; fileRef = 438164821D994733009EAA32 /* CodeSweetTests.m */; };
		4381648E1D994733009EAA32 /* CodeSweetUITests.m in Sources */ = {isa = PBXBuildFile; fileRef = 4381648D1D994733009EAA32 /* CodeSweetUITests.m */; };
		438164A01D994FBF009EAA32 /* Images.xcassets in Resources */ = {isa = PBXBuildFile; fileRef = 4381649F1D994FBF009EAA32 /* Images.xcassets */; settings = {ASSET_TAGS = (); }; };
		438164A91D995BB4009EAA32 /* NSDNavControllerViewController.m in Sources */ = {isa = PBXBuildFile; fileRef = 438164A81D995BB4009EAA32 /* NSDNavControllerViewController.m */; settings = {ASSET_TAGS = (); }; };
		438164AE1D995C6D009EAA32 /* NSDRoot.m in Sources */ = {isa = PBXBuildFile; fileRef = 438164AD1D995C6D009EAA32 /* NSDRoot.m */; settings = {ASSET_TAGS = (); }; };
		438164B41D9961EE009EAA32 /* PINDiskCache.m in Sources */ = {isa = PBXBuildFile; fileRef = 438164B31D9961EE009EAA32 /* PINDiskCache.m */; settings = {ASSET_TAGS = (); }; };
		438164B71D996315009EAA32 /* PINMemoryCache.m in Sources */ = {isa = PBXBuildFile; fileRef = 438164B61D996315009EAA32 /* PINMemoryCache.m */; settings = {ASSET_TAGS = (); }; };
		438164BA1D996403009EAA32 /* PINCache.m in Sources */ = {isa = PBXBuildFile; fileRef = 438164B91D996403009EAA32 /* PINCache.m */; settings = {ASSET_TAGS = (); }; };
		438164C01D996AF4009EAA32 /* NSDOAuth.m in Sources */ = {isa = PBXBuildFile; fileRef = 438164BF1D996AF4009EAA32 /* NSDOAuth.m */; settings = {ASSET_TAGS = (); }; };
		438164CE1D998CAD009EAA32 /* NSDictionary+NSDEncoder.m in Sources */ = {isa = PBXBuildFile; fileRef = 438164CD1D998CAD009EAA32 /* NSDictionary+NSDEncoder.m */; settings = {ASSET_TAGS = (); }; };
		438164D11D999009009EAA32 /* NSURL+NSDDecoder.m in Sources */ = {isa = PBXBuildFile; fileRef = 438164D01D999009009EAA32 /* NSURL+NSDDecoder.m */; settings = {ASSET_TAGS = (); }; };
		438164D41D99BCE8009EAA32 /* NSMutableURLRequest+NSDBodyDataSetter.m in Sources */ = {isa = PBXBuildFile; fileRef = 438164D31D99BCE8009EAA32 /* NSMutableURLRequest+NSDBodyDataSetter.m */; settings = {ASSET_TAGS = (); }; };
		438164D71D99DBB1009EAA32 /* NSDClientInstance.m in Sources */ = {isa = PBXBuildFile; fileRef = 438164D61D99DBB1009EAA32 /* NSDClientInstance.m */; settings = {ASSET_TAGS = (); }; };
		438164DB1D99DBC5009EAA32 /* NSDDefaultHTTPClient.m in Sources */ = {isa = PBXBuildFile; fileRef = 438164DA1D99DBC5009EAA32 /* NSDDefaultHTTPClient.m */; settings = {ASSET_TAGS = (); }; };
		43B31EDD1D9A577100727778 /* NSDGithubClient.m in Sources */ = {isa = PBXBuildFile; fileRef = 43B31EDC1D9A577100727778 /* NSDGithubClient.m */; settings = {ASSET_TAGS = (); }; };
		43B31EE21D9A607300727778 /* NSDUser.m in Sources */ = {isa = PBXBuildFile; fileRef = 43B31EE11D9A607300727778 /* NSDUser.m */; settings = {ASSET_TAGS = (); }; };
		43B31EE51D9A60A200727778 /* NSDEvent.m in Sources */ = {isa = PBXBuildFile; fileRef = 43B31EE41D9A60A200727778 /* NSDEvent.m */; settings = {ASSET_TAGS = (); }; };
		43B31EEB1D9A60E100727778 /* NSDNews.m in Sources */ = {isa = PBXBuildFile; fileRef = 43B31EEA1D9A60E100727778 /* NSDNews.m */; settings = {ASSET_TAGS = (); }; };
		43B31EEE1D9A60EC00727778 /* NSDRepo.m in Sources */ = {isa = PBXBuildFile; fileRef = 43B31EED1D9A60EC00727778 /* NSDRepo.m */; settings = {ASSET_TAGS = (); }; };
		43B31EF11D9A610800727778 /* NSDIssue.m in Sources */ = {isa = PBXBuildFile; fileRef = 43B31EF01D9A610800727778 /* NSDIssue.m */; settings = {ASSET_TAGS = (); }; };
		43B31EF41D9A612C00727778 /* NSDRepoFile.m in Sources */ = {isa = PBXBuildFile; fileRef = 43B31EF31D9A612C00727778 /* NSDRepoFile.m */; settings = {ASSET_TAGS = (); }; };
		43B31EF71D9A615A00727778 /* NSDRepoDirectory.m in Sources */ = {isa = PBXBuildFile; fileRef = 43B31EF61D9A615A00727778 /* NSDRepoDirectory.m */; settings = {ASSET_TAGS = (); }; };
		43B31EFA1D9A61A100727778 /* NSDIssueEvent.m in Sources */ = {isa = PBXBuildFile; fileRef = 43B31EF91D9A61A100727778 /* NSDIssueEvent.m */; settings = {ASSET_TAGS = (); }; };
		43B31EFD1D9A61CC00727778 /* NSDCommit.m in Sources */ = {isa = PBXBuildFile; fileRef = 43B31EFC1D9A61CC00727778 /* NSDCommit.m */; settings = {ASSET_TAGS = (); }; };
		43B31F001D9A61DB00727778 /* NSDComment.m in Sources */ = {isa = PBXBuildFile; fileRef = 43B31EFF1D9A61DB00727778 /* NSDComment.m */; settings = {ASSET_TAGS = (); }; };
		43B31F041D9A675500727778 /* MenuView.m in Sources */ = {isa = PBXBuildFile; fileRef = 43B31F031D9A675500727778 /* MenuView.m */; settings = {ASSET_TAGS = (); }; };
/* End PBXBuildFile section */

/* Begin PBXContainerItemProxy section */
		4381647F1D994733009EAA32 /* PBXContainerItemProxy */ = {
			isa = PBXContainerItemProxy;
			containerPortal = 4381645D1D994732009EAA32 /* Project object */;
			proxyType = 1;
			remoteGlobalIDString = 438164641D994732009EAA32;
			remoteInfo = CodeSweet;
		};
		4381648A1D994733009EAA32 /* PBXContainerItemProxy */ = {
			isa = PBXContainerItemProxy;
			containerPortal = 4381645D1D994732009EAA32 /* Project object */;
			proxyType = 1;
			remoteGlobalIDString = 438164641D994732009EAA32;
			remoteInfo = CodeSweet;
		};
/* End PBXContainerItemProxy section */

/* Begin PBXFileReference section */
		430C80CD1D9A767C0014D3DA /* NSDToast.h */ = {isa = PBXFileReference; fileEncoding = 4; lastKnownFileType = sourcecode.c.h; path = NSDToast.h; sourceTree = "<group>"; };
		430C80CE1D9A767C0014D3DA /* NSDToast.m */ = {isa = PBXFileReference; fileEncoding = 4; lastKnownFileType = sourcecode.c.objc; path = NSDToast.m; sourceTree = "<group>"; };
		438164651D994732009EAA32 /* NSDCode.app */ = {isa = PBXFileReference; explicitFileType = wrapper.application; includeInIndex = 0; path = NSDCode.app; sourceTree = BUILT_PRODUCTS_DIR; };
		438164691D994733009EAA32 /* main.m */ = {isa = PBXFileReference; lastKnownFileType = sourcecode.c.objc; path = main.m; sourceTree = "<group>"; };
		4381646B1D994733009EAA32 /* AppDelegate.h */ = {isa = PBXFileReference; lastKnownFileType = sourcecode.c.h; path = AppDelegate.h; sourceTree = "<group>"; };
		4381646C1D994733009EAA32 /* AppDelegate.m */ = {isa = PBXFileReference; lastKnownFileType = sourcecode.c.objc; path = AppDelegate.m; sourceTree = "<group>"; };
		438164721D994733009EAA32 /* Base */ = {isa = PBXFileReference; lastKnownFileType = file.storyboard; name = Base; path = Base.lproj/Main.storyboard; sourceTree = "<group>"; };
		438164791D994733009EAA32 /* Info.plist */ = {isa = PBXFileReference; lastKnownFileType = text.plist.xml; path = Info.plist; sourceTree = "<group>"; };
		4381647E1D994733009EAA32 /* NSDCode.xctest */ = {isa = PBXFileReference; explicitFileType = wrapper.cfbundle; includeInIndex = 0; path = NSDCode.xctest; sourceTree = BUILT_PRODUCTS_DIR; };
		438164821D994733009EAA32 /* CodeSweetTests.m */ = {isa = PBXFileReference; lastKnownFileType = sourcecode.c.objc; path = CodeSweetTests.m; sourceTree = "<group>"; };
		438164841D994733009EAA32 /* Info.plist */ = {isa = PBXFileReference; lastKnownFileType = text.plist.xml; path = Info.plist; sourceTree = "<group>"; };
		438164891D994733009EAA32 /* NSDCode.xctest */ = {isa = PBXFileReference; explicitFileType = wrapper.cfbundle; includeInIndex = 0; path = NSDCode.xctest; sourceTree = BUILT_PRODUCTS_DIR; };
		4381648D1D994733009EAA32 /* CodeSweetUITests.m */ = {isa = PBXFileReference; lastKnownFileType = sourcecode.c.objc; path = CodeSweetUITests.m; sourceTree = "<group>"; };
		4381648F1D994733009EAA32 /* Info.plist */ = {isa = PBXFileReference; lastKnownFileType = text.plist.xml; path = Info.plist; sourceTree = "<group>"; };
		4381649F1D994FBF009EAA32 /* Images.xcassets */ = {isa = PBXFileReference; lastKnownFileType = folder.assetcatalog; path = Images.xcassets; sourceTree = "<group>"; };
		438164A71D995BB4009EAA32 /* NSDNavControllerViewController.h */ = {isa = PBXFileReference; fileEncoding = 4; lastKnownFileType = sourcecode.c.h; path = NSDNavControllerViewController.h; sourceTree = "<group>"; };
		438164A81D995BB4009EAA32 /* NSDNavControllerViewController.m */ = {isa = PBXFileReference; fileEncoding = 4; lastKnownFileType = sourcecode.c.objc; path = NSDNavControllerViewController.m; sourceTree = "<group>"; };
		438164AC1D995C6D009EAA32 /* NSDRoot.h */ = {isa = PBXFileReference; fileEncoding = 4; lastKnownFileType = sourcecode.c.h; path = NSDRoot.h; sourceTree = "<group>"; };
		438164AD1D995C6D009EAA32 /* NSDRoot.m */ = {isa = PBXFileReference; fileEncoding = 4; lastKnownFileType = sourcecode.c.objc; path = NSDRoot.m; sourceTree = "<group>"; };
		438164B01D99615C009EAA32 /* Nullability.h */ = {isa = PBXFileReference; lastKnownFileType = sourcecode.c.h; path = Nullability.h; sourceTree = "<group>"; };
		438164B11D9961A9009EAA32 /* NSDCacheObjectSubscripting.h */ = {isa = PBXFileReference; fileEncoding = 4; lastKnownFileType = sourcecode.c.h; path = NSDCacheObjectSubscripting.h; sourceTree = "<group>"; };
		438164B21D9961EE009EAA32 /* PINDiskCache.h */ = {isa = PBXFileReference; fileEncoding = 4; lastKnownFileType = sourcecode.c.h; path = PINDiskCache.h; sourceTree = "<group>"; };
		438164B31D9961EE009EAA32 /* PINDiskCache.m */ = {isa = PBXFileReference; fileEncoding = 4; lastKnownFileType = sourcecode.c.objc; path = PINDiskCache.m; sourceTree = "<group>"; };
		438164B51D996315009EAA32 /* PINMemoryCache.h */ = {isa = PBXFileReference; fileEncoding = 4; lastKnownFileType = sourcecode.c.h; path = PINMemoryCache.h; sourceTree = "<group>"; };
		438164B61D996315009EAA32 /* PINMemoryCache.m */ = {isa = PBXFileReference; fileEncoding = 4; lastKnownFileType = sourcecode.c.objc; path = PINMemoryCache.m; sourceTree = "<group>"; };
		438164B81D996403009EAA32 /* PINCache.h */ = {isa = PBXFileReference; fileEncoding = 4; lastKnownFileType = sourcecode.c.h; path = PINCache.h; sourceTree = "<group>"; };
		438164B91D996403009EAA32 /* PINCache.m */ = {isa = PBXFileReference; fileEncoding = 4; lastKnownFileType = sourcecode.c.objc; path = PINCache.m; sourceTree = "<group>"; };
		438164BE1D996AF4009EAA32 /* NSDOAuth.h */ = {isa = PBXFileReference; fileEncoding = 4; lastKnownFileType = sourcecode.c.h; path = NSDOAuth.h; sourceTree = "<group>"; };
		438164BF1D996AF4009EAA32 /* NSDOAuth.m */ = {isa = PBXFileReference; fileEncoding = 4; lastKnownFileType = sourcecode.c.objc; path = NSDOAuth.m; sourceTree = "<group>"; };
		438164CC1D998CAD009EAA32 /* NSDictionary+NSDEncoder.h */ = {isa = PBXFileReference; fileEncoding = 4; lastKnownFileType = sourcecode.c.h; path = "NSDictionary+NSDEncoder.h"; sourceTree = "<group>"; };
		438164CD1D998CAD009EAA32 /* NSDictionary+NSDEncoder.m */ = {isa = PBXFileReference; fileEncoding = 4; lastKnownFileType = sourcecode.c.objc; path = "NSDictionary+NSDEncoder.m"; sourceTree = "<group>"; };
		438164CF1D999009009EAA32 /* NSURL+NSDDecoder.h */ = {isa = PBXFileReference; fileEncoding = 4; lastKnownFileType = sourcecode.c.h; path = "NSURL+NSDDecoder.h"; sourceTree = "<group>"; };
		438164D01D999009009EAA32 /* NSURL+NSDDecoder.m */ = {isa = PBXFileReference; fileEncoding = 4; lastKnownFileType = sourcecode.c.objc; path = "NSURL+NSDDecoder.m"; sourceTree = "<group>"; };
		438164D21D99BCE7009EAA32 /* NSMutableURLRequest+NSDBodyDataSetter.h */ = {isa = PBXFileReference; fileEncoding = 4; lastKnownFileType = sourcecode.c.h; path = "NSMutableURLRequest+NSDBodyDataSetter.h"; sourceTree = "<group>"; };
		438164D31D99BCE8009EAA32 /* NSMutableURLRequest+NSDBodyDataSetter.m */ = {isa = PBXFileReference; fileEncoding = 4; lastKnownFileType = sourcecode.c.objc; path = "NSMutableURLRequest+NSDBodyDataSetter.m"; sourceTree = "<group>"; };
		438164D51D99DBB1009EAA32 /* NSDClientInstance.h */ = {isa = PBXFileReference; fileEncoding = 4; lastKnownFileType = sourcecode.c.h; path = NSDClientInstance.h; sourceTree = "<group>"; };
		438164D61D99DBB1009EAA32 /* NSDClientInstance.m */ = {isa = PBXFileReference; fileEncoding = 4; lastKnownFileType = sourcecode.c.objc; path = NSDClientInstance.m; sourceTree = "<group>"; };
		438164D81D99DBC5009EAA32 /* NSDDefaultHTTPClient_Private.h */ = {isa = PBXFileReference; fileEncoding = 4; lastKnownFileType = sourcecode.c.h; path = NSDDefaultHTTPClient_Private.h; sourceTree = "<group>"; };
		438164D91D99DBC5009EAA32 /* NSDDefaultHTTPClient.h */ = {isa = PBXFileReference; fileEncoding = 4; lastKnownFileType = sourcecode.c.h; path = NSDDefaultHTTPClient.h; sourceTree = "<group>"; };
		438164DA1D99DBC5009EAA32 /* NSDDefaultHTTPClient.m */ = {isa = PBXFileReference; fileEncoding = 4; lastKnownFileType = sourcecode.c.objc; path = NSDDefaultHTTPClient.m; sourceTree = "<group>"; };
		43B31EDB1D9A577100727778 /* NSDGithubClient.h */ = {isa = PBXFileReference; fileEncoding = 4; lastKnownFileType = sourcecode.c.h; path = NSDGithubClient.h; sourceTree = "<group>"; };
		43B31EDC1D9A577100727778 /* NSDGithubClient.m */ = {isa = PBXFileReference; fileEncoding = 4; lastKnownFileType = sourcecode.c.objc; path = NSDGithubClient.m; sourceTree = "<group>"; };
		43B31EE01D9A607300727778 /* NSDUser.h */ = {isa = PBXFileReference; fileEncoding = 4; lastKnownFileType = sourcecode.c.h; path = NSDUser.h; sourceTree = "<group>"; };
		43B31EE11D9A607300727778 /* NSDUser.m */ = {isa = PBXFileReference; fileEncoding = 4; lastKnownFileType = sourcecode.c.objc; path = NSDUser.m; sourceTree = "<group>"; };
		43B31EE31D9A60A200727778 /* NSDEvent.h */ = {isa = PBXFileReference; fileEncoding = 4; lastKnownFileType = sourcecode.c.h; path = NSDEvent.h; sourceTree = "<group>"; };
		43B31EE41D9A60A200727778 /* NSDEvent.m */ = {isa = PBXFileReference; fileEncoding = 4; lastKnownFileType = sourcecode.c.objc; path = NSDEvent.m; sourceTree = "<group>"; };
		43B31EE91D9A60E100727778 /* NSDNews.h */ = {isa = PBXFileReference; fileEncoding = 4; lastKnownFileType = sourcecode.c.h; path = NSDNews.h; sourceTree = "<group>"; };
		43B31EEA1D9A60E100727778 /* NSDNews.m */ = {isa = PBXFileReference; fileEncoding = 4; lastKnownFileType = sourcecode.c.objc; path = NSDNews.m; sourceTree = "<group>"; };
		43B31EEC1D9A60EC00727778 /* NSDRepo.h */ = {isa = PBXFileReference; fileEncoding = 4; lastKnownFileType = sourcecode.c.h; path = NSDRepo.h; sourceTree = "<group>"; };
		43B31EED1D9A60EC00727778 /* NSDRepo.m */ = {isa = PBXFileReference; fileEncoding = 4; lastKnownFileType = sourcecode.c.objc; path = NSDRepo.m; sourceTree = "<group>"; };
		43B31EEF1D9A610800727778 /* NSDIssue.h */ = {isa = PBXFileReference; fileEncoding = 4; lastKnownFileType = sourcecode.c.h; path = NSDIssue.h; sourceTree = "<group>"; };
		43B31EF01D9A610800727778 /* NSDIssue.m */ = {isa = PBXFileReference; fileEncoding = 4; lastKnownFileType = sourcecode.c.objc; path = NSDIssue.m; sourceTree = "<group>"; };
		43B31EF21D9A612C00727778 /* NSDRepoFile.h */ = {isa = PBXFileReference; fileEncoding = 4; lastKnownFileType = sourcecode.c.h; path = NSDRepoFile.h; sourceTree = "<group>"; };
		43B31EF31D9A612C00727778 /* NSDRepoFile.m */ = {isa = PBXFileReference; fileEncoding = 4; lastKnownFileType = sourcecode.c.objc; path = NSDRepoFile.m; sourceTree = "<group>"; };
		43B31EF51D9A615A00727778 /* NSDRepoDirectory.h */ = {isa = PBXFileReference; fileEncoding = 4; lastKnownFileType = sourcecode.c.h; path = NSDRepoDirectory.h; sourceTree = "<group>"; };
		43B31EF61D9A615A00727778 /* NSDRepoDirectory.m */ = {isa = PBXFileReference; fileEncoding = 4; lastKnownFileType = sourcecode.c.objc; path = NSDRepoDirectory.m; sourceTree = "<group>"; };
		43B31EF81D9A61A100727778 /* NSDIssueEvent.h */ = {isa = PBXFileReference; fileEncoding = 4; lastKnownFileType = sourcecode.c.h; path = NSDIssueEvent.h; sourceTree = "<group>"; };
		43B31EF91D9A61A100727778 /* NSDIssueEvent.m */ = {isa = PBXFileReference; fileEncoding = 4; lastKnownFileType = sourcecode.c.objc; path = NSDIssueEvent.m; sourceTree = "<group>"; };
		43B31EFB1D9A61CC00727778 /* NSDCommit.h */ = {isa = PBXFileReference; fileEncoding = 4; lastKnownFileType = sourcecode.c.h; path = NSDCommit.h; sourceTree = "<group>"; };
		43B31EFC1D9A61CC00727778 /* NSDCommit.m */ = {isa = PBXFileReference; fileEncoding = 4; lastKnownFileType = sourcecode.c.objc; path = NSDCommit.m; sourceTree = "<group>"; };
		43B31EFE1D9A61DB00727778 /* NSDComment.h */ = {isa = PBXFileReference; fileEncoding = 4; lastKnownFileType = sourcecode.c.h; path = NSDComment.h; sourceTree = "<group>"; };
		43B31EFF1D9A61DB00727778 /* NSDComment.m */ = {isa = PBXFileReference; fileEncoding = 4; lastKnownFileType = sourcecode.c.objc; path = NSDComment.m; sourceTree = "<group>"; };
		43B31F021D9A675500727778 /* MenuView.h */ = {isa = PBXFileReference; fileEncoding = 4; lastKnownFileType = sourcecode.c.h; path = MenuView.h; sourceTree = "<group>"; };
		43B31F031D9A675500727778 /* MenuView.m */ = {isa = PBXFileReference; fileEncoding = 4; lastKnownFileType = sourcecode.c.objc; path = MenuView.m; sourceTree = "<group>"; };
		43F7C9AD1D9C4A24008A04B9 /* NSDGithubClient_Private.h */ = {isa = PBXFileReference; fileEncoding = 4; lastKnownFileType = sourcecode.c.h; path = NSDGithubClient_Private.h; sourceTree = "<group>"; };
/* End PBXFileReference section */

/* Begin PBXFrameworksBuildPhase section */
		438164621D994732009EAA32 /* Frameworks */ = {
			isa = PBXFrameworksBuildPhase;
			buildActionMask = 2147483647;
			files = (
			);
			runOnlyForDeploymentPostprocessing = 0;
		};
		4381647B1D994733009EAA32 /* Frameworks */ = {
			isa = PBXFrameworksBuildPhase;
			buildActionMask = 2147483647;
			files = (
			);
			runOnlyForDeploymentPostprocessing = 0;
		};
		438164861D994733009EAA32 /* Frameworks */ = {
			isa = PBXFrameworksBuildPhase;
			buildActionMask = 2147483647;
			files = (
			);
			runOnlyForDeploymentPostprocessing = 0;
		};
/* End PBXFrameworksBuildPhase section */

/* Begin PBXGroup section */
		430C80D01D9A77340014D3DA /* NSDToast */ = {
			isa = PBXGroup;
			children = (
				430C80CD1D9A767C0014D3DA /* NSDToast.h */,
				430C80CE1D9A767C0014D3DA /* NSDToast.m */,
			);
			name = NSDToast;
			sourceTree = "<group>";
		};
		430C80D11D9A77500014D3DA /* MenuView */ = {
			isa = PBXGroup;
			children = (
				43B31F021D9A675500727778 /* MenuView.h */,
				43B31F031D9A675500727778 /* MenuView.m */,
			);
			name = MenuView;
			sourceTree = "<group>";
		};
		4381645C1D994732009EAA32 = {
			isa = PBXGroup;
			children = (
				438164671D994732009EAA32 /* NSDCode */,
				438164811D994733009EAA32 /* CodeSweetTests */,
				4381648C1D994733009EAA32 /* CodeSweetUITests */,
				438164661D994732009EAA32 /* Products */,
			);
			sourceTree = "<group>";
		};
		438164661D994732009EAA32 /* Products */ = {
			isa = PBXGroup;
			children = (
				438164651D994732009EAA32 /* NSDCode.app */,
				4381647E1D994733009EAA32 /* NSDCode.xctest */,
				438164891D994733009EAA32 /* NSDCode.xctest */,
			);
			name = Products;
			sourceTree = "<group>";
		};
		438164671D994732009EAA32 /* NSDCode */ = {
			isa = PBXGroup;
			children = (
				43B31F011D9A671700727778 /* Views */,
				43B31EDE1D9A604300727778 /* Models */,
				43B31EDF1D9A604E00727778 /* ViewModels */,
				438164BD1D996AAF009EAA32 /* Other */,
				438164BC1D996A8F009EAA32 /* Controllers */,
				438164A31D99581F009EAA32 /* ViewControllers */,
				4381649F1D994FBF009EAA32 /* Images.xcassets */,
			);
			name = NSDCode;
			path = CodeSweet;
			sourceTree = "<group>";
		};
		438164681D994733009EAA32 /* Supporting Files */ = {
			isa = PBXGroup;
			children = (
				438164691D994733009EAA32 /* main.m */,
			);
			name = "Supporting Files";
			sourceTree = "<group>";
		};
		438164811D994733009EAA32 /* CodeSweetTests */ = {
			isa = PBXGroup;
			children = (
				438164821D994733009EAA32 /* CodeSweetTests.m */,
				438164841D994733009EAA32 /* Info.plist */,
			);
			path = CodeSweetTests;
			sourceTree = "<group>";
		};
		4381648C1D994733009EAA32 /* CodeSweetUITests */ = {
			isa = PBXGroup;
			children = (
				4381648D1D994733009EAA32 /* CodeSweetUITests.m */,
				4381648F1D994733009EAA32 /* Info.plist */,
			);
			path = CodeSweetUITests;
			sourceTree = "<group>";
		};
		438164A31D99581F009EAA32 /* ViewControllers */ = {
			isa = PBXGroup;
			children = (
				438164BB1D99669A009EAA32 /* NSDOAuth */,
				438164AB1D995C50009EAA32 /* Root */,
				438164AA1D995C1C009EAA32 /* Navigator */,
			);
			name = ViewControllers;
			sourceTree = "<group>";
		};
		438164AA1D995C1C009EAA32 /* Navigator */ = {
			isa = PBXGroup;
			children = (
				438164A71D995BB4009EAA32 /* NSDNavControllerViewController.h */,
				438164A81D995BB4009EAA32 /* NSDNavControllerViewController.m */,
			);
			name = Navigator;
			sourceTree = "<group>";
		};
		438164AB1D995C50009EAA32 /* Root */ = {
			isa = PBXGroup;
			children = (
				438164AC1D995C6D009EAA32 /* NSDRoot.h */,
				438164AD1D995C6D009EAA32 /* NSDRoot.m */,
			);
			name = Root;
			sourceTree = "<group>";
		};
		438164AF1D995F86009EAA32 /* Cache */ = {
			isa = PBXGroup;
			children = (
				438164B01D99615C009EAA32 /* Nullability.h */,
				438164B11D9961A9009EAA32 /* NSDCacheObjectSubscripting.h */,
				438164B21D9961EE009EAA32 /* PINDiskCache.h */,
				438164B31D9961EE009EAA32 /* PINDiskCache.m */,
				438164B51D996315009EAA32 /* PINMemoryCache.h */,
				438164B61D996315009EAA32 /* PINMemoryCache.m */,
				438164B81D996403009EAA32 /* PINCache.h */,
				438164B91D996403009EAA32 /* PINCache.m */,
			);
			name = Cache;
			sourceTree = "<group>";
		};
		438164BB1D99669A009EAA32 /* NSDOAuth */ = {
			isa = PBXGroup;
			children = (
				438164BE1D996AF4009EAA32 /* NSDOAuth.h */,
				438164BF1D996AF4009EAA32 /* NSDOAuth.m */,
			);
			name = NSDOAuth;
			sourceTree = "<group>";
		};
		438164BC1D996A8F009EAA32 /* Controllers */ = {
			isa = PBXGroup;
			children = (
				438164C11D998ABD009EAA32 /* Network */,
				438164AF1D995F86009EAA32 /* Cache */,
			);
			name = Controllers;
			sourceTree = "<group>";
		};
		438164BD1D996AAF009EAA32 /* Other */ = {
			isa = PBXGroup;
			children = (
				4381646B1D994733009EAA32 /* AppDelegate.h */,
				4381646C1D994733009EAA32 /* AppDelegate.m */,
				438164711D994733009EAA32 /* Main.storyboard */,
				438164791D994733009EAA32 /* Info.plist */,
				438164681D994733009EAA32 /* Supporting Files */,
			);
			name = Other;
			sourceTree = "<group>";
		};
		438164C11D998ABD009EAA32 /* Network */ = {
			isa = PBXGroup;
			children = (
				43B31EDA1D9A571A00727778 /* GithubClient */,
				438164C21D998ACA009EAA32 /* DefaultHTTPClient */,
			);
			name = Network;
			sourceTree = "<group>";
		};
		438164C21D998ACA009EAA32 /* DefaultHTTPClient */ = {
			isa = PBXGroup;
			children = (
				438164D81D99DBC5009EAA32 /* NSDDefaultHTTPClient_Private.h */,
				438164D91D99DBC5009EAA32 /* NSDDefaultHTTPClient.h */,
				438164DA1D99DBC5009EAA32 /* NSDDefaultHTTPClient.m */,
				438164CB1D998C2C009EAA32 /* Extentions */,
				438164CA1D998B75009EAA32 /* ClientInstance */,
			);
			name = DefaultHTTPClient;
			sourceTree = "<group>";
		};
		438164CA1D998B75009EAA32 /* ClientInstance */ = {
			isa = PBXGroup;
			children = (
				438164D51D99DBB1009EAA32 /* NSDClientInstance.h */,
				438164D61D99DBB1009EAA32 /* NSDClientInstance.m */,
			);
			name = ClientInstance;
			sourceTree = "<group>";
		};
		438164CB1D998C2C009EAA32 /* Extentions */ = {
			isa = PBXGroup;
			children = (
				438164CC1D998CAD009EAA32 /* NSDictionary+NSDEncoder.h */,
				438164CD1D998CAD009EAA32 /* NSDictionary+NSDEncoder.m */,
				438164CF1D999009009EAA32 /* NSURL+NSDDecoder.h */,
				438164D01D999009009EAA32 /* NSURL+NSDDecoder.m */,
				438164D21D99BCE7009EAA32 /* NSMutableURLRequest+NSDBodyDataSetter.h */,
				438164D31D99BCE8009EAA32 /* NSMutableURLRequest+NSDBodyDataSetter.m */,
			);
			name = Extentions;
			sourceTree = "<group>";
		};
		43B31EDA1D9A571A00727778 /* GithubClient */ = {
			isa = PBXGroup;
			children = (
				43B31EDB1D9A577100727778 /* NSDGithubClient.h */,
				43F7C9AD1D9C4A24008A04B9 /* NSDGithubClient_Private.h */,
				43B31EDC1D9A577100727778 /* NSDGithubClient.m */,
			);
			name = GithubClient;
			sourceTree = "<group>";
		};
		43B31EDE1D9A604300727778 /* Models */ = {
			isa = PBXGroup;
			children = (
				43B31EE01D9A607300727778 /* NSDUser.h */,
				43B31EE11D9A607300727778 /* NSDUser.m */,
				43B31EE31D9A60A200727778 /* NSDEvent.h */,
				43B31EE41D9A60A200727778 /* NSDEvent.m */,
				43B31EE91D9A60E100727778 /* NSDNews.h */,
				43B31EEA1D9A60E100727778 /* NSDNews.m */,
				43B31EEC1D9A60EC00727778 /* NSDRepo.h */,
				43B31EED1D9A60EC00727778 /* NSDRepo.m */,
				43B31EEF1D9A610800727778 /* NSDIssue.h */,
				43B31EF01D9A610800727778 /* NSDIssue.m */,
				43B31EF21D9A612C00727778 /* NSDRepoFile.h */,
				43B31EF31D9A612C00727778 /* NSDRepoFile.m */,
				43B31EF51D9A615A00727778 /* NSDRepoDirectory.h */,
				43B31EF61D9A615A00727778 /* NSDRepoDirectory.m */,
				43B31EF81D9A61A100727778 /* NSDIssueEvent.h */,
				43B31EF91D9A61A100727778 /* NSDIssueEvent.m */,
				43B31EFB1D9A61CC00727778 /* NSDCommit.h */,
				43B31EFC1D9A61CC00727778 /* NSDCommit.m */,
				43B31EFE1D9A61DB00727778 /* NSDComment.h */,
				43B31EFF1D9A61DB00727778 /* NSDComment.m */,
			);
			name = Models;
			sourceTree = "<group>";
		};
		43B31EDF1D9A604E00727778 /* ViewModels */ = {
			isa = PBXGroup;
			children = (
			);
			name = ViewModels;
			sourceTree = "<group>";
		};
		43B31F011D9A671700727778 /* Views */ = {
			isa = PBXGroup;
			children = (
				430C80D11D9A77500014D3DA /* MenuView */,
				430C80D01D9A77340014D3DA /* NSDToast */,
			);
			name = Views;
			sourceTree = "<group>";
		};
/* End PBXGroup section */

/* Begin PBXNativeTarget section */
		438164641D994732009EAA32 /* NSDCode */ = {
			isa = PBXNativeTarget;
			buildConfigurationList = 438164921D994733009EAA32 /* Build configuration list for PBXNativeTarget "NSDCode" */;
			buildPhases = (
				438164611D994732009EAA32 /* Sources */,
				438164621D994732009EAA32 /* Frameworks */,
				438164631D994732009EAA32 /* Resources */,
			);
			buildRules = (
			);
			dependencies = (
			);
			name = NSDCode;
			productName = CodeSweet;
			productReference = 438164651D994732009EAA32 /* NSDCode.app */;
			productType = "com.apple.product-type.application";
		};
		4381647D1D994733009EAA32 /* NSDCodeTests */ = {
			isa = PBXNativeTarget;
			buildConfigurationList = 438164951D994733009EAA32 /* Build configuration list for PBXNativeTarget "NSDCodeTests" */;
			buildPhases = (
				4381647A1D994733009EAA32 /* Sources */,
				4381647B1D994733009EAA32 /* Frameworks */,
				4381647C1D994733009EAA32 /* Resources */,
			);
			buildRules = (
			);
			dependencies = (
				438164801D994733009EAA32 /* PBXTargetDependency */,
			);
			name = NSDCodeTests;
			productName = CodeSweetTests;
			productReference = 4381647E1D994733009EAA32 /* NSDCode.xctest */;
			productType = "com.apple.product-type.bundle.unit-test";
		};
		438164881D994733009EAA32 /* NSDCodeUITests */ = {
			isa = PBXNativeTarget;
			buildConfigurationList = 438164981D994733009EAA32 /* Build configuration list for PBXNativeTarget "NSDCodeUITests" */;
			buildPhases = (
				438164851D994733009EAA32 /* Sources */,
				438164861D994733009EAA32 /* Frameworks */,
				438164871D994733009EAA32 /* Resources */,
			);
			buildRules = (
			);
			dependencies = (
				4381648B1D994733009EAA32 /* PBXTargetDependency */,
			);
			name = NSDCodeUITests;
			productName = CodeSweetUITests;
			productReference = 438164891D994733009EAA32 /* NSDCode.xctest */;
			productType = "com.apple.product-type.bundle.ui-testing";
		};
/* End PBXNativeTarget section */

/* Begin PBXProject section */
		4381645D1D994732009EAA32 /* Project object */ = {
			isa = PBXProject;
			attributes = {
				LastUpgradeCheck = 0700;
				ORGANIZATIONNAME = NullStackDev;
				TargetAttributes = {
					438164641D994732009EAA32 = {
						CreatedOnToolsVersion = 7.0.1;
						DevelopmentTeam = 3CNYS54QTZ;
					};
					4381647D1D994733009EAA32 = {
						CreatedOnToolsVersion = 7.0.1;
						TestTargetID = 438164641D994732009EAA32;
					};
					438164881D994733009EAA32 = {
						CreatedOnToolsVersion = 7.0.1;
						TestTargetID = 438164641D994732009EAA32;
					};
				};
			};
			buildConfigurationList = 438164601D994732009EAA32 /* Build configuration list for PBXProject "NSDCode" */;
			compatibilityVersion = "Xcode 3.2";
			developmentRegion = English;
			hasScannedForEncodings = 0;
			knownRegions = (
				en,
				Base,
			);
			mainGroup = 4381645C1D994732009EAA32;
			productRefGroup = 438164661D994732009EAA32 /* Products */;
			projectDirPath = "";
			projectRoot = "";
			targets = (
				438164641D994732009EAA32 /* NSDCode */,
				4381647D1D994733009EAA32 /* NSDCodeTests */,
				438164881D994733009EAA32 /* NSDCodeUITests */,
			);
		};
/* End PBXProject section */

/* Begin PBXResourcesBuildPhase section */
		438164631D994732009EAA32 /* Resources */ = {
			isa = PBXResourcesBuildPhase;
			buildActionMask = 2147483647;
			files = (
				438164A01D994FBF009EAA32 /* Images.xcassets in Resources */,
				438164731D994733009EAA32 /* Main.storyboard in Resources */,
			);
			runOnlyForDeploymentPostprocessing = 0;
		};
		4381647C1D994733009EAA32 /* Resources */ = {
			isa = PBXResourcesBuildPhase;
			buildActionMask = 2147483647;
			files = (
			);
			runOnlyForDeploymentPostprocessing = 0;
		};
		438164871D994733009EAA32 /* Resources */ = {
			isa = PBXResourcesBuildPhase;
			buildActionMask = 2147483647;
			files = (
			);
			runOnlyForDeploymentPostprocessing = 0;
		};
/* End PBXResourcesBuildPhase section */

/* Begin PBXSourcesBuildPhase section */
		438164611D994732009EAA32 /* Sources */ = {
			isa = PBXSourcesBuildPhase;
			buildActionMask = 2147483647;
			files = (
				438164D71D99DBB1009EAA32 /* NSDClientInstance.m in Sources */,
				438164BA1D996403009EAA32 /* PINCache.m in Sources */,
				438164A91D995BB4009EAA32 /* NSDNavControllerViewController.m in Sources */,
				4381646D1D994733009EAA32 /* AppDelegate.m in Sources */,
				43B31EF11D9A610800727778 /* NSDIssue.m in Sources */,
				438164C01D996AF4009EAA32 /* NSDOAuth.m in Sources */,
				43B31EEE1D9A60EC00727778 /* NSDRepo.m in Sources */,
				438164D41D99BCE8009EAA32 /* NSMutableURLRequest+NSDBodyDataSetter.m in Sources */,
				438164B41D9961EE009EAA32 /* PINDiskCache.m in Sources */,
				438164B71D996315009EAA32 /* PINMemoryCache.m in Sources */,
				438164D11D999009009EAA32 /* NSURL+NSDDecoder.m in Sources */,
				438164DB1D99DBC5009EAA32 /* NSDDefaultHTTPClient.m in Sources */,
				438164CE1D998CAD009EAA32 /* NSDictionary+NSDEncoder.m in Sources */,
				430C80CF1D9A767C0014D3DA /* NSDToast.m in Sources */,
				43B31EFD1D9A61CC00727778 /* NSDCommit.m in Sources */,
				43B31F041D9A675500727778 /* MenuView.m in Sources */,
				43B31EE21D9A607300727778 /* NSDUser.m in Sources */,
				43B31F001D9A61DB00727778 /* NSDComment.m in Sources */,
				43B31EEB1D9A60E100727778 /* NSDNews.m in Sources */,
				43B31EF71D9A615A00727778 /* NSDRepoDirectory.m in Sources */,
				43B31EFA1D9A61A100727778 /* NSDIssueEvent.m in Sources */,
				43B31EF41D9A612C00727778 /* NSDRepoFile.m in Sources */,
				43B31EE51D9A60A200727778 /* NSDEvent.m in Sources */,
				43B31EDD1D9A577100727778 /* NSDGithubClient.m in Sources */,
				438164AE1D995C6D009EAA32 /* NSDRoot.m in Sources */,
				4381646A1D994733009EAA32 /* main.m in Sources */,
			);
			runOnlyForDeploymentPostprocessing = 0;
		};
		4381647A1D994733009EAA32 /* Sources */ = {
			isa = PBXSourcesBuildPhase;
			buildActionMask = 2147483647;
			files = (
				438164831D994733009EAA32 /* CodeSweetTests.m in Sources */,
			);
			runOnlyForDeploymentPostprocessing = 0;
		};
		438164851D994733009EAA32 /* Sources */ = {
			isa = PBXSourcesBuildPhase;
			buildActionMask = 2147483647;
			files = (
				4381648E1D994733009EAA32 /* CodeSweetUITests.m in Sources */,
			);
			runOnlyForDeploymentPostprocessing = 0;
		};
/* End PBXSourcesBuildPhase section */

/* Begin PBXTargetDependency section */
		438164801D994733009EAA32 /* PBXTargetDependency */ = {
			isa = PBXTargetDependency;
			target = 438164641D994732009EAA32 /* NSDCode */;
			targetProxy = 4381647F1D994733009EAA32 /* PBXContainerItemProxy */;
		};
		4381648B1D994733009EAA32 /* PBXTargetDependency */ = {
			isa = PBXTargetDependency;
			target = 438164641D994732009EAA32 /* NSDCode */;
			targetProxy = 4381648A1D994733009EAA32 /* PBXContainerItemProxy */;
		};
/* End PBXTargetDependency section */

/* Begin PBXVariantGroup section */
		438164711D994733009EAA32 /* Main.storyboard */ = {
			isa = PBXVariantGroup;
			children = (
				438164721D994733009EAA32 /* Base */,
			);
			name = Main.storyboard;
			sourceTree = "<group>";
		};
/* End PBXVariantGroup section */

/* Begin XCBuildConfiguration section */
		438164901D994733009EAA32 /* Debug */ = {
			isa = XCBuildConfiguration;
			buildSettings = {
				ALWAYS_SEARCH_USER_PATHS = NO;
				CLANG_CXX_LANGUAGE_STANDARD = "gnu++0x";
				CLANG_CXX_LIBRARY = "libc++";
				CLANG_ENABLE_MODULES = YES;
				CLANG_ENABLE_OBJC_ARC = YES;
				CLANG_WARN_BOOL_CONVERSION = YES;
				CLANG_WARN_CONSTANT_CONVERSION = YES;
				CLANG_WARN_DIRECT_OBJC_ISA_USAGE = YES_ERROR;
				CLANG_WARN_EMPTY_BODY = YES;
				CLANG_WARN_ENUM_CONVERSION = YES;
				CLANG_WARN_INT_CONVERSION = YES;
				CLANG_WARN_OBJC_ROOT_CLASS = YES_ERROR;
				CLANG_WARN_UNREACHABLE_CODE = YES;
				CLANG_WARN__DUPLICATE_METHOD_MATCH = YES;
				"CODE_SIGN_IDENTITY[sdk=iphoneos*]" = "iPhone Developer";
				COPY_PHASE_STRIP = NO;
				DEBUG_INFORMATION_FORMAT = dwarf;
				ENABLE_STRICT_OBJC_MSGSEND = YES;
				ENABLE_TESTABILITY = YES;
				GCC_C_LANGUAGE_STANDARD = gnu99;
				GCC_DYNAMIC_NO_PIC = NO;
				GCC_NO_COMMON_BLOCKS = YES;
				GCC_OPTIMIZATION_LEVEL = 0;
				GCC_PREPROCESSOR_DEFINITIONS = (
					"DEBUG=1",
					"$(inherited)",
				);
				GCC_WARN_64_TO_32_BIT_CONVERSION = YES;
				GCC_WARN_ABOUT_RETURN_TYPE = YES_ERROR;
				GCC_WARN_UNDECLARED_SELECTOR = YES;
				GCC_WARN_UNINITIALIZED_AUTOS = YES_AGGRESSIVE;
				GCC_WARN_UNUSED_FUNCTION = YES;
				GCC_WARN_UNUSED_VARIABLE = YES;
				IPHONEOS_DEPLOYMENT_TARGET = 7.1;
				MTL_ENABLE_DEBUG_INFO = YES;
				ONLY_ACTIVE_ARCH = YES;
				SDKROOT = iphoneos;
				TARGETED_DEVICE_FAMILY = "1,2";
			};
			name = Debug;
		};
		438164911D994733009EAA32 /* Release */ = {
			isa = XCBuildConfiguration;
			buildSettings = {
				ALWAYS_SEARCH_USER_PATHS = NO;
				CLANG_CXX_LANGUAGE_STANDARD = "gnu++0x";
				CLANG_CXX_LIBRARY = "libc++";
				CLANG_ENABLE_MODULES = YES;
				CLANG_ENABLE_OBJC_ARC = YES;
				CLANG_WARN_BOOL_CONVERSION = YES;
				CLANG_WARN_CONSTANT_CONVERSION = YES;
				CLANG_WARN_DIRECT_OBJC_ISA_USAGE = YES_ERROR;
				CLANG_WARN_EMPTY_BODY = YES;
				CLANG_WARN_ENUM_CONVERSION = YES;
				CLANG_WARN_INT_CONVERSION = YES;
				CLANG_WARN_OBJC_ROOT_CLASS = YES_ERROR;
				CLANG_WARN_UNREACHABLE_CODE = YES;
				CLANG_WARN__DUPLICATE_METHOD_MATCH = YES;
				"CODE_SIGN_IDENTITY[sdk=iphoneos*]" = "iPhone Developer";
				COPY_PHASE_STRIP = NO;
				DEBUG_INFORMATION_FORMAT = "dwarf-with-dsym";
				ENABLE_NS_ASSERTIONS = NO;
				ENABLE_STRICT_OBJC_MSGSEND = YES;
				GCC_C_LANGUAGE_STANDARD = gnu99;
				GCC_NO_COMMON_BLOCKS = YES;
				GCC_WARN_64_TO_32_BIT_CONVERSION = YES;
				GCC_WARN_ABOUT_RETURN_TYPE = YES_ERROR;
				GCC_WARN_UNDECLARED_SELECTOR = YES;
				GCC_WARN_UNINITIALIZED_AUTOS = YES_AGGRESSIVE;
				GCC_WARN_UNUSED_FUNCTION = YES;
				GCC_WARN_UNUSED_VARIABLE = YES;
				IPHONEOS_DEPLOYMENT_TARGET = 7.1;
				MTL_ENABLE_DEBUG_INFO = NO;
				SDKROOT = iphoneos;
				TARGETED_DEVICE_FAMILY = "1,2";
				VALIDATE_PRODUCT = YES;
			};
			name = Release;
		};
		438164931D994733009EAA32 /* Debug */ = {
			isa = XCBuildConfiguration;
			buildSettings = {
				ASSETCATALOG_COMPILER_APPICON_NAME = AppIcon;
				ASSETCATALOG_COMPILER_LAUNCHIMAGE_NAME = LaunchImage;
				CODE_SIGN_IDENTITY = "iPhone Developer";
				"CODE_SIGN_IDENTITY[sdk=iphoneos*]" = "iPhone Developer";
				INFOPLIST_FILE = CodeSweet/Info.plist;
				LD_RUNPATH_SEARCH_PATHS = "$(inherited) @executable_path/Frameworks";
				PRODUCT_BUNDLE_IDENTIFIER = nsd.NSDCode;
				PRODUCT_NAME = NSDCode;
				PROVISIONING_PROFILE = "";
			};
			name = Debug;
		};
		438164941D994733009EAA32 /* Release */ = {
			isa = XCBuildConfiguration;
			buildSettings = {
				ASSETCATALOG_COMPILER_APPICON_NAME = AppIcon;
				ASSETCATALOG_COMPILER_LAUNCHIMAGE_NAME = LaunchImage;
				CODE_SIGN_IDENTITY = "iPhone Developer";
				"CODE_SIGN_IDENTITY[sdk=iphoneos*]" = "iPhone Developer";
				INFOPLIST_FILE = CodeSweet/Info.plist;
				LD_RUNPATH_SEARCH_PATHS = "$(inherited) @executable_path/Frameworks";
				PRODUCT_BUNDLE_IDENTIFIER = nsd.NSDCode;
				PRODUCT_NAME = NSDCode;
				PROVISIONING_PROFILE = "";
			};
			name = Release;
		};
		438164961D994733009EAA32 /* Debug */ = {
			isa = XCBuildConfiguration;
			buildSettings = {
				BUNDLE_LOADER = "$(TEST_HOST)";
				INFOPLIST_FILE = CodeSweetTests/Info.plist;
				LD_RUNPATH_SEARCH_PATHS = "$(inherited) @executable_path/Frameworks @loader_path/Frameworks";
				PRODUCT_BUNDLE_IDENTIFIER = nsd.CodeSweetTests;
				PRODUCT_NAME = NSDCode;
				TEST_HOST = "$(BUILT_PRODUCTS_DIR)/NSDCode.app/NSDCode";
			};
			name = Debug;
		};
		438164971D994733009EAA32 /* Release */ = {
			isa = XCBuildConfiguration;
			buildSettings = {
				BUNDLE_LOADER = "$(TEST_HOST)";
				INFOPLIST_FILE = CodeSweetTests/Info.plist;
				LD_RUNPATH_SEARCH_PATHS = "$(inherited) @executable_path/Frameworks @loader_path/Frameworks";
				PRODUCT_BUNDLE_IDENTIFIER = nsd.CodeSweetTests;
				PRODUCT_NAME = NSDCode;
				TEST_HOST = "$(BUILT_PRODUCTS_DIR)/NSDCode.app/NSDCode";
			};
			name = Release;
		};
		438164991D994733009EAA32 /* Debug */ = {
			isa = XCBuildConfiguration;
			buildSettings = {
				INFOPLIST_FILE = CodeSweetUITests/Info.plist;
				LD_RUNPATH_SEARCH_PATHS = "$(inherited) @executable_path/Frameworks @loader_path/Frameworks";
				PRODUCT_BUNDLE_IDENTIFIER = nsd.CodeSweetUITests;
				PRODUCT_NAME = NSDCode;
				TEST_TARGET_NAME = CodeSweet;
				USES_XCTRUNNER = YES;
			};
			name = Debug;
		};
		4381649A1D994733009EAA32 /* Release */ = {
			isa = XCBuildConfiguration;
			buildSettings = {
				INFOPLIST_FILE = CodeSweetUITests/Info.plist;
				LD_RUNPATH_SEARCH_PATHS = "$(inherited) @executable_path/Frameworks @loader_path/Frameworks";
				PRODUCT_BUNDLE_IDENTIFIER = nsd.CodeSweetUITests;
				PRODUCT_NAME = NSDCode;
				TEST_TARGET_NAME = CodeSweet;
				USES_XCTRUNNER = YES;
			};
			name = Release;
		};
/* End XCBuildConfiguration section */

/* Begin XCConfigurationList section */
		438164601D994732009EAA32 /* Build configuration list for PBXProject "NSDCode" */ = {
			isa = XCConfigurationList;
			buildConfigurations = (
				438164901D994733009EAA32 /* Debug */,
				438164911D994733009EAA32 /* Release */,
			);
			defaultConfigurationIsVisible = 0;
			defaultConfigurationName = Release;
		};
		438164921D994733009EAA32 /* Build configuration list for PBXNativeTarget "NSDCode" */ = {
			isa = XCConfigurationList;
			buildConfigurations = (
				438164931D994733009EAA32 /* Debug */,
				438164941D994733009EAA32 /* Release */,
			);
			defaultConfigurationIsVisible = 0;
			defaultConfigurationName = Release;
		};
		438164951D994733009EAA32 /* Build configuration list for PBXNativeTarget "NSDCodeTests" */ = {
			isa = XCConfigurationList;
			buildConfigurations = (
				438164961D994733009EAA32 /* Debug */,
				438164971D994733009EAA32 /* Release */,
			);
			defaultConfigurationIsVisible = 0;
			defaultConfigurationName = Release;
		};
		438164981D994733009EAA32 /* Build configuration list for PBXNativeTarget "NSDCodeUITests" */ = {
			isa = XCConfigurationList;
			buildConfigurations = (
				438164991D994733009EAA32 /* Debug */,
				4381649A1D994733009EAA32 /* Release */,
			);
			defaultConfigurationIsVisible = 0;
			defaultConfigurationName = Release;
		};
/* End XCConfigurationList section */
	};
	rootObject = 4381645D1D994732009EAA32 /* Project object */;
}
